
Microsoft Visual Studio Solution File, Format Version 12.00
# Visual Studio 15
VisualStudioVersion = 15.0.27130.2003
MinimumVisualStudioVersion = 10.0.40219.1
Project("{FAE04EC0-301F-11D3-BF4B-00C04F79EFBC}") = "ListViewContextMenu.Android", "RightTapEvent\RightTapEvent.Android\ListViewContextMenu.Android.csproj", "{6DD2D5F1-9F68-4882-923B-AAE19356EF69}"
EndProject
Project("{FAE04EC0-301F-11D3-BF4B-00C04F79EFBC}") = "ListViewContextMenu.iOS", "RightTapEvent\RightTapEvent.iOS\ListViewContextMenu.iOS.csproj", "{A3A79473-5163-4FE5-838E-6362584A1AA0}"
EndProject
Project("{FAE04EC0-301F-11D3-BF4B-00C04F79EFBC}") = "ListViewContextMenu.UWP", "RightTapEvent\RightTapEvent.UWP\ListViewContextMenu.UWP.csproj", "{1482369A-9D06-4894-86DD-FB978F9F0E05}"
EndProject
Project("{FAE04EC0-301F-11D3-BF4B-00C04F79EFBC}") = "ListViewContextMenu", "RightTapEvent\RightTapEvent\ListViewContextMenu.csproj", "{99996A66-40FB-447E-B238-4CAFBBF22ED7}"
EndProject
Global
	GlobalSection(SolutionConfigurationPlatforms) = preSolution
		Ad-Hoc|Any CPU = Ad-Hoc|Any CPU
		Ad-Hoc|ARM = Ad-Hoc|ARM
		Ad-Hoc|iPhone = Ad-Hoc|iPhone
		Ad-Hoc|iPhoneSimulator = Ad-Hoc|iPhoneSimulator
		Ad-Hoc|x64 = Ad-Hoc|x64
		Ad-Hoc|x86 = Ad-Hoc|x86
		AppStore|Any CPU = AppStore|Any CPU
		AppStore|ARM = AppStore|ARM
		AppStore|iPhone = AppStore|iPhone
		AppStore|iPhoneSimulator = AppStore|iPhoneSimulator
		AppStore|x64 = AppStore|x64
		AppStore|x86 = AppStore|x86
		Debug|Any CPU = Debug|Any CPU
		Debug|ARM = Debug|ARM
		Debug|iPhone = Debug|iPhone
		Debug|iPhoneSimulator = Debug|iPhoneSimulator
		Debug|x64 = Debug|x64
		Debug|x86 = Debug|x86
		Release|Any CPU = Release|Any CPU
		Release|ARM = Release|ARM
		Release|iPhone = Release|iPhone
		Release|iPhoneSimulator = Release|iPhoneSimulator
		Release|x64 = Release|x64
		Release|x86 = Release|x86
	EndGlobalSection
	GlobalSection(ProjectConfigurationPlatforms) = postSolution
		{6DD2D5F1-9F68-4882-923B-AAE19356EF69}.Ad-Hoc|Any CPU.ActiveCfg = Release|Any CPU
		{6DD2D5F1-9F68-4882-923B-AAE19356EF69}.Ad-Hoc|Any CPU.Build.0 = Release|Any CPU
		{6DD2D5F1-9F68-4882-923B-AAE19356EF69}.Ad-Hoc|Any CPU.Deploy.0 = Release|Any CPU
		{6DD2D5F1-9F68-4882-923B-AAE19356EF69}.Ad-Hoc|ARM.ActiveCfg = Release|Any CPU
		{6DD2D5F1-9F68-4882-923B-AAE19356EF69}.Ad-Hoc|ARM.Build.0 = Release|Any CPU
		{6DD2D5F1-9F68-4882-923B-AAE19356EF69}.Ad-Hoc|ARM.Deploy.0 = Release|Any CPU
		{6DD2D5F1-9F68-4882-923B-AAE19356EF69}.Ad-Hoc|iPhone.ActiveCfg = Release|Any CPU
		{6DD2D5F1-9F68-4882-923B-AAE19356EF69}.Ad-Hoc|iPhone.Build.0 = Release|Any CPU
		{6DD2D5F1-9F68-4882-923B-AAE19356EF69}.Ad-Hoc|iPhone.Deploy.0 = Release|Any CPU
		{6DD2D5F1-9F68-4882-923B-AAE19356EF69}.Ad-Hoc|iPhoneSimulator.ActiveCfg = Release|Any CPU
		{6DD2D5F1-9F68-4882-923B-AAE19356EF69}.Ad-Hoc|iPhoneSimulator.Build.0 = Release|Any CPU
		{6DD2D5F1-9F68-4882-923B-AAE19356EF69}.Ad-Hoc|iPhoneSimulator.Deploy.0 = Release|Any CPU
		{6DD2D5F1-9F68-4882-923B-AAE19356EF69}.Ad-Hoc|x64.ActiveCfg = Release|Any CPU
		{6DD2D5F1-9F68-4882-923B-AAE19356EF69}.Ad-Hoc|x64.Build.0 = Release|Any CPU
		{6DD2D5F1-9F68-4882-923B-AAE19356EF69}.Ad-Hoc|x64.Deploy.0 = Release|Any CPU
		{6DD2D5F1-9F68-4882-923B-AAE19356EF69}.Ad-Hoc|x86.ActiveCfg = Release|Any CPU
		{6DD2D5F1-9F68-4882-923B-AAE19356EF69}.Ad-Hoc|x86.Build.0 = Release|Any CPU
		{6DD2D5F1-9F68-4882-923B-AAE19356EF69}.Ad-Hoc|x86.Deploy.0 = Release|Any CPU
		{6DD2D5F1-9F68-4882-923B-AAE19356EF69}.AppStore|Any CPU.ActiveCfg = Release|Any CPU
		{6DD2D5F1-9F68-4882-923B-AAE19356EF69}.AppStore|Any CPU.Build.0 = Release|Any CPU
		{6DD2D5F1-9F68-4882-923B-AAE19356EF69}.AppStore|Any CPU.Deploy.0 = Release|Any CPU
		{6DD2D5F1-9F68-4882-923B-AAE19356EF69}.AppStore|ARM.ActiveCfg = Release|Any CPU
		{6DD2D5F1-9F68-4882-923B-AAE19356EF69}.AppStore|ARM.Build.0 = Release|Any CPU
		{6DD2D5F1-9F68-4882-923B-AAE19356EF69}.AppStore|ARM.Deploy.0 = Release|Any CPU
		{6DD2D5F1-9F68-4882-923B-AAE19356EF69}.AppStore|iPhone.ActiveCfg = Release|Any CPU
		{6DD2D5F1-9F68-4882-923B-AAE19356EF69}.AppStore|iPhone.Build.0 = Release|Any CPU
		{6DD2D5F1-9F68-4882-923B-AAE19356EF69}.AppStore|iPhone.Deploy.0 = Release|Any CPU
		{6DD2D5F1-9F68-4882-923B-AAE19356EF69}.AppStore|iPhoneSimulator.ActiveCfg = Release|Any CPU
		{6DD2D5F1-9F68-4882-923B-AAE19356EF69}.AppStore|iPhoneSimulator.Build.0 = Release|Any CPU
		{6DD2D5F1-9F68-4882-923B-AAE19356EF69}.AppStore|iPhoneSimulator.Deploy.0 = Release|Any CPU
		{6DD2D5F1-9F68-4882-923B-AAE19356EF69}.AppStore|x64.ActiveCfg = Release|Any CPU
		{6DD2D5F1-9F68-4882-923B-AAE19356EF69}.AppStore|x64.Build.0 = Release|Any CPU
		{6DD2D5F1-9F68-4882-923B-AAE19356EF69}.AppStore|x64.Deploy.0 = Release|Any CPU
		{6DD2D5F1-9F68-4882-923B-AAE19356EF69}.AppStore|x86.ActiveCfg = Release|Any CPU
		{6DD2D5F1-9F68-4882-923B-AAE19356EF69}.AppStore|x86.Build.0 = Release|Any CPU
		{6DD2D5F1-9F68-4882-923B-AAE19356EF69}.AppStore|x86.Deploy.0 = Release|Any CPU
		{6DD2D5F1-9F68-4882-923B-AAE19356EF69}.Debug|Any CPU.ActiveCfg = Debug|Any CPU
		{6DD2D5F1-9F68-4882-923B-AAE19356EF69}.Debug|Any CPU.Build.0 = Debug|Any CPU
		{6DD2D5F1-9F68-4882-923B-AAE19356EF69}.Debug|Any CPU.Deploy.0 = Debug|Any CPU
		{6DD2D5F1-9F68-4882-923B-AAE19356EF69}.Debug|ARM.ActiveCfg = Debug|Any CPU
		{6DD2D5F1-9F68-4882-923B-AAE19356EF69}.Debug|ARM.Build.0 = Debug|Any CPU
		{6DD2D5F1-9F68-4882-923B-AAE19356EF69}.Debug|ARM.Deploy.0 = Debug|Any CPU
		{6DD2D5F1-9F68-4882-923B-AAE19356EF69}.Debug|iPhone.ActiveCfg = Debug|Any CPU
		{6DD2D5F1-9F68-4882-923B-AAE19356EF69}.Debug|iPhone.Build.0 = Debug|Any CPU
		{6DD2D5F1-9F68-4882-923B-AAE19356EF69}.Debug|iPhone.Deploy.0 = Debug|Any CPU
		{6DD2D5F1-9F68-4882-923B-AAE19356EF69}.Debug|iPhoneSimulator.ActiveCfg = Debug|Any CPU
		{6DD2D5F1-9F68-4882-923B-AAE19356EF69}.Debug|iPhoneSimulator.Build.0 = Debug|Any CPU
		{6DD2D5F1-9F68-4882-923B-AAE19356EF69}.Debug|iPhoneSimulator.Deploy.0 = Debug|Any CPU
		{6DD2D5F1-9F68-4882-923B-AAE19356EF69}.Debug|x64.ActiveCfg = Debug|Any CPU
		{6DD2D5F1-9F68-4882-923B-AAE19356EF69}.Debug|x64.Build.0 = Debug|Any CPU
		{6DD2D5F1-9F68-4882-923B-AAE19356EF69}.Debug|x64.Deploy.0 = Debug|Any CPU
		{6DD2D5F1-9F68-4882-923B-AAE19356EF69}.Debug|x86.ActiveCfg = Debug|Any CPU
		{6DD2D5F1-9F68-4882-923B-AAE19356EF69}.Debug|x86.Build.0 = Debug|Any CPU
		{6DD2D5F1-9F68-4882-923B-AAE19356EF69}.Debug|x86.Deploy.0 = Debug|Any CPU
		{6DD2D5F1-9F68-4882-923B-AAE19356EF69}.Release|Any CPU.ActiveCfg = Release|Any CPU
		{6DD2D5F1-9F68-4882-923B-AAE19356EF69}.Release|Any CPU.Build.0 = Release|Any CPU
		{6DD2D5F1-9F68-4882-923B-AAE19356EF69}.Release|Any CPU.Deploy.0 = Release|Any CPU
		{6DD2D5F1-9F68-4882-923B-AAE19356EF69}.Release|ARM.ActiveCfg = Release|Any CPU
		{6DD2D5F1-9F68-4882-923B-AAE19356EF69}.Release|ARM.Build.0 = Release|Any CPU
		{6DD2D5F1-9F68-4882-923B-AAE19356EF69}.Release|ARM.Deploy.0 = Release|Any CPU
		{6DD2D5F1-9F68-4882-923B-AAE19356EF69}.Release|iPhone.ActiveCfg = Release|Any CPU
		{6DD2D5F1-9F68-4882-923B-AAE19356EF69}.Release|iPhone.Build.0 = Release|Any CPU
		{6DD2D5F1-9F68-4882-923B-AAE19356EF69}.Release|iPhone.Deploy.0 = Release|Any CPU
		{6DD2D5F1-9F68-4882-923B-AAE19356EF69}.Release|iPhoneSimulator.ActiveCfg = Release|Any CPU
		{6DD2D5F1-9F68-4882-923B-AAE19356EF69}.Release|iPhoneSimulator.Build.0 = Release|Any CPU
		{6DD2D5F1-9F68-4882-923B-AAE19356EF69}.Release|iPhoneSimulator.Deploy.0 = Release|Any CPU
		{6DD2D5F1-9F68-4882-923B-AAE19356EF69}.Release|x64.ActiveCfg = Release|Any CPU
		{6DD2D5F1-9F68-4882-923B-AAE19356EF69}.Release|x64.Build.0 = Release|Any CPU
		{6DD2D5F1-9F68-4882-923B-AAE19356EF69}.Release|x64.Deploy.0 = Release|Any CPU
		{6DD2D5F1-9F68-4882-923B-AAE19356EF69}.Release|x86.ActiveCfg = Release|Any CPU
		{6DD2D5F1-9F68-4882-923B-AAE19356EF69}.Release|x86.Build.0 = Release|Any CPU
		{6DD2D5F1-9F68-4882-923B-AAE19356EF69}.Release|x86.Deploy.0 = Release|Any CPU
		{A3A79473-5163-4FE5-838E-6362584A1AA0}.Ad-Hoc|Any CPU.ActiveCfg = Ad-Hoc|iPhone
		{A3A79473-5163-4FE5-838E-6362584A1AA0}.Ad-Hoc|ARM.ActiveCfg = Ad-Hoc|iPhone
		{A3A79473-5163-4FE5-838E-6362584A1AA0}.Ad-Hoc|iPhone.ActiveCfg = Ad-Hoc|iPhone
		{A3A79473-5163-4FE5-838E-6362584A1AA0}.Ad-Hoc|iPhone.Build.0 = Ad-Hoc|iPhone
		{A3A79473-5163-4FE5-838E-6362584A1AA0}.Ad-Hoc|iPhoneSimulator.ActiveCfg = Ad-Hoc|iPhoneSimulator
		{A3A79473-5163-4FE5-838E-6362584A1AA0}.Ad-Hoc|iPhoneSimulator.Build.0 = Ad-Hoc|iPhoneSimulator
		{A3A79473-5163-4FE5-838E-6362584A1AA0}.Ad-Hoc|x64.ActiveCfg = Ad-Hoc|iPhone
		{A3A79473-5163-4FE5-838E-6362584A1AA0}.Ad-Hoc|x86.ActiveCfg = Ad-Hoc|iPhone
		{A3A79473-5163-4FE5-838E-6362584A1AA0}.AppStore|Any CPU.ActiveCfg = AppStore|iPhone
		{A3A79473-5163-4FE5-838E-6362584A1AA0}.AppStore|ARM.ActiveCfg = AppStore|iPhone
		{A3A79473-5163-4FE5-838E-6362584A1AA0}.AppStore|iPhone.ActiveCfg = AppStore|iPhone
		{A3A79473-5163-4FE5-838E-6362584A1AA0}.AppStore|iPhone.Build.0 = AppStore|iPhone
		{A3A79473-5163-4FE5-838E-6362584A1AA0}.AppStore|iPhoneSimulator.ActiveCfg = AppStore|iPhoneSimulator
		{A3A79473-5163-4FE5-838E-6362584A1AA0}.AppStore|iPhoneSimulator.Build.0 = AppStore|iPhoneSimulator
		{A3A79473-5163-4FE5-838E-6362584A1AA0}.AppStore|x64.ActiveCfg = AppStore|iPhone
		{A3A79473-5163-4FE5-838E-6362584A1AA0}.AppStore|x86.ActiveCfg = AppStore|iPhone
		{A3A79473-5163-4FE5-838E-6362584A1AA0}.Debug|Any CPU.ActiveCfg = Debug|iPhone
		{A3A79473-5163-4FE5-838E-6362584A1AA0}.Debug|ARM.ActiveCfg = Debug|iPhone
		{A3A79473-5163-4FE5-838E-6362584A1AA0}.Debug|iPhone.ActiveCfg = Debug|iPhone
		{A3A79473-5163-4FE5-838E-6362584A1AA0}.Debug|iPhone.Build.0 = Debug|iPhone
		{A3A79473-5163-4FE5-838E-6362584A1AA0}.Debug|iPhoneSimulator.ActiveCfg = Debug|iPhoneSimulator
		{A3A79473-5163-4FE5-838E-6362584A1AA0}.Debug|iPhoneSimulator.Build.0 = Debug|iPhoneSimulator
		{A3A79473-5163-4FE5-838E-6362584A1AA0}.Debug|x64.ActiveCfg = Debug|iPhone
		{A3A79473-5163-4FE5-838E-6362584A1AA0}.Debug|x86.ActiveCfg = Debug|iPhone
		{A3A79473-5163-4FE5-838E-6362584A1AA0}.Debug|x86.Build.0 = Debug|iPhone
		{A3A79473-5163-4FE5-838E-6362584A1AA0}.Release|Any CPU.ActiveCfg = Release|iPhone
		{A3A79473-5163-4FE5-838E-6362584A1AA0}.Release|ARM.ActiveCfg = Release|iPhone
		{A3A79473-5163-4FE5-838E-6362584A1AA0}.Release|iPhone.ActiveCfg = Release|iPhone
		{A3A79473-5163-4FE5-838E-6362584A1AA0}.Release|iPhone.Build.0 = Release|iPhone
		{A3A79473-5163-4FE5-838E-6362584A1AA0}.Release|iPhoneSimulator.ActiveCfg = Release|iPhoneSimulator
		{A3A79473-5163-4FE5-838E-6362584A1AA0}.Release|iPhoneSimulator.Build.0 = Release|iPhoneSimulator
		{A3A79473-5163-4FE5-838E-6362584A1AA0}.Release|x64.ActiveCfg = Release|iPhone
		{A3A79473-5163-4FE5-838E-6362584A1AA0}.Release|x86.ActiveCfg = Release|iPhone
		{1482369A-9D06-4894-86DD-FB978F9F0E05}.Ad-Hoc|Any CPU.ActiveCfg = Release|x86
		{1482369A-9D06-4894-86DD-FB978F9F0E05}.Ad-Hoc|Any CPU.Build.0 = Release|x86
		{1482369A-9D06-4894-86DD-FB978F9F0E05}.Ad-Hoc|Any CPU.Deploy.0 = Release|x86
		{1482369A-9D06-4894-86DD-FB978F9F0E05}.Ad-Hoc|ARM.ActiveCfg = Release|ARM
		{1482369A-9D06-4894-86DD-FB978F9F0E05}.Ad-Hoc|ARM.Build.0 = Release|ARM
		{1482369A-9D06-4894-86DD-FB978F9F0E05}.Ad-Hoc|ARM.Deploy.0 = Release|ARM
		{1482369A-9D06-4894-86DD-FB978F9F0E05}.Ad-Hoc|iPhone.ActiveCfg = Release|x86
		{1482369A-9D06-4894-86DD-FB978F9F0E05}.Ad-Hoc|iPhone.Build.0 = Release|x86
		{1482369A-9D06-4894-86DD-FB978F9F0E05}.Ad-Hoc|iPhone.Deploy.0 = Release|x86
		{1482369A-9D06-4894-86DD-FB978F9F0E05}.Ad-Hoc|iPhoneSimulator.ActiveCfg = Release|x86
		{1482369A-9D06-4894-86DD-FB978F9F0E05}.Ad-Hoc|iPhoneSimulator.Build.0 = Release|x86
		{1482369A-9D06-4894-86DD-FB978F9F0E05}.Ad-Hoc|iPhoneSimulator.Deploy.0 = Release|x86
		{1482369A-9D06-4894-86DD-FB978F9F0E05}.Ad-Hoc|x64.ActiveCfg = Release|x64
		{1482369A-9D06-4894-86DD-FB978F9F0E05}.Ad-Hoc|x64.Build.0 = Release|x64
		{1482369A-9D06-4894-86DD-FB978F9F0E05}.Ad-Hoc|x64.Deploy.0 = Release|x64
		{1482369A-9D06-4894-86DD-FB978F9F0E05}.Ad-Hoc|x86.ActiveCfg = Release|x86
		{1482369A-9D06-4894-86DD-FB978F9F0E05}.Ad-Hoc|x86.Build.0 = Release|x86
		{1482369A-9D06-4894-86DD-FB978F9F0E05}.Ad-Hoc|x86.Deploy.0 = Release|x86
		{1482369A-9D06-4894-86DD-FB978F9F0E05}.AppStore|Any CPU.ActiveCfg = Release|x86
		{1482369A-9D06-4894-86DD-FB978F9F0E05}.AppStore|Any CPU.Build.0 = Release|x86
		{1482369A-9D06-4894-86DD-FB978F9F0E05}.AppStore|Any CPU.Deploy.0 = Release|x86
		{1482369A-9D06-4894-86DD-FB978F9F0E05}.AppStore|ARM.ActiveCfg = Release|ARM
		{1482369A-9D06-4894-86DD-FB978F9F0E05}.AppStore|ARM.Build.0 = Release|ARM
		{1482369A-9D06-4894-86DD-FB978F9F0E05}.AppStore|ARM.Deploy.0 = Release|ARM
		{1482369A-9D06-4894-86DD-FB978F9F0E05}.AppStore|iPhone.ActiveCfg = Release|x86
		{1482369A-9D06-4894-86DD-FB978F9F0E05}.AppStore|iPhone.Build.0 = Release|x86
		{1482369A-9D06-4894-86DD-FB978F9F0E05}.AppStore|iPhone.Deploy.0 = Release|x86
		{1482369A-9D06-4894-86DD-FB978F9F0E05}.AppStore|iPhoneSimulator.ActiveCfg = Release|x86
		{1482369A-9D06-4894-86DD-FB978F9F0E05}.AppStore|iPhoneSimulator.Build.0 = Release|x86
		{1482369A-9D06-4894-86DD-FB978F9F0E05}.AppStore|iPhoneSimulator.Deploy.0 = Release|x86
		{1482369A-9D06-4894-86DD-FB978F9F0E05}.AppStore|x64.ActiveCfg = Release|x64
		{1482369A-9D06-4894-86DD-FB978F9F0E05}.AppStore|x64.Build.0 = Release|x64
		{1482369A-9D06-4894-86DD-FB978F9F0E05}.AppStore|x64.Deploy.0 = Release|x64
		{1482369A-9D06-4894-86DD-FB978F9F0E05}.AppStore|x86.ActiveCfg = Release|x86
		{1482369A-9D06-4894-86DD-FB978F9F0E05}.AppStore|x86.Build.0 = Release|x86
		{1482369A-9D06-4894-86DD-FB978F9F0E05}.AppStore|x86.Deploy.0 = Release|x86
		{1482369A-9D06-4894-86DD-FB978F9F0E05}.Debug|Any CPU.ActiveCfg = Debug|x86
		{1482369A-9D06-4894-86DD-FB978F9F0E05}.Debug|ARM.ActiveCfg = Debug|ARM
		{1482369A-9D06-4894-86DD-FB978F9F0E05}.Debug|ARM.Build.0 = Debug|ARM
		{1482369A-9D06-4894-86DD-FB978F9F0E05}.Debug|ARM.Deploy.0 = Debug|ARM
		{1482369A-9D06-4894-86DD-FB978F9F0E05}.Debug|iPhone.ActiveCfg = Debug|x86
		{1482369A-9D06-4894-86DD-FB978F9F0E05}.Debug|iPhoneSimulator.ActiveCfg = Debug|x86
		{1482369A-9D06-4894-86DD-FB978F9F0E05}.Debug|x64.ActiveCfg = Debug|x64
		{1482369A-9D06-4894-86DD-FB978F9F0E05}.Debug|x64.Build.0 = Debug|x64
		{1482369A-9D06-4894-86DD-FB978F9F0E05}.Debug|x64.Deploy.0 = Debug|x64
		{1482369A-9D06-4894-86DD-FB978F9F0E05}.Debug|x86.ActiveCfg = Debug|x86
		{1482369A-9D06-4894-86DD-FB978F9F0E05}.Debug|x86.Build.0 = Debug|x86
		{1482369A-9D06-4894-86DD-FB978F9F0E05}.Debug|x86.Deploy.0 = Debug|x86
		{1482369A-9D06-4894-86DD-FB978F9F0E05}.Release|Any CPU.ActiveCfg = Release|x86
		{1482369A-9D06-4894-86DD-FB978F9F0E05}.Release|ARM.ActiveCfg = Release|ARM
		{1482369A-9D06-4894-86DD-FB978F9F0E05}.Release|ARM.Build.0 = Release|ARM
		{1482369A-9D06-4894-86DD-FB978F9F0E05}.Release|ARM.Deploy.0 = Release|ARM
		{1482369A-9D06-4894-86DD-FB978F9F0E05}.Release|iPhone.ActiveCfg = Release|x86
		{1482369A-9D06-4894-86DD-FB978F9F0E05}.Release|iPhoneSimulator.ActiveCfg = Release|x86
		{1482369A-9D06-4894-86DD-FB978F9F0E05}.Release|x64.ActiveCfg = Release|x64
		{1482369A-9D06-4894-86DD-FB978F9F0E05}.Release|x64.Build.0 = Release|x64
		{1482369A-9D06-4894-86DD-FB978F9F0E05}.Release|x64.Deploy.0 = Release|x64
		{1482369A-9D06-4894-86DD-FB978F9F0E05}.Release|x86.ActiveCfg = Release|x86
		{1482369A-9D06-4894-86DD-FB978F9F0E05}.Release|x86.Build.0 = Release|x86
		{1482369A-9D06-4894-86DD-FB978F9F0E05}.Release|x86.Deploy.0 = Release|x86
		{99996A66-40FB-447E-B238-4CAFBBF22ED7}.Ad-Hoc|Any CPU.ActiveCfg = Debug|Any CPU
		{99996A66-40FB-447E-B238-4CAFBBF22ED7}.Ad-Hoc|Any CPU.Build.0 = Debug|Any CPU
		{99996A66-40FB-447E-B238-4CAFBBF22ED7}.Ad-Hoc|ARM.ActiveCfg = Debug|Any CPU
		{99996A66-40FB-447E-B238-4CAFBBF22ED7}.Ad-Hoc|ARM.Build.0 = Debug|Any CPU
		{99996A66-40FB-447E-B238-4CAFBBF22ED7}.Ad-Hoc|iPhone.ActiveCfg = Debug|Any CPU
		{99996A66-40FB-447E-B238-4CAFBBF22ED7}.Ad-Hoc|iPhone.Build.0 = Debug|Any CPU
		{99996A66-40FB-447E-B238-4CAFBBF22ED7}.Ad-Hoc|iPhoneSimulator.ActiveCfg = Debug|Any CPU
		{99996A66-40FB-447E-B238-4CAFBBF22ED7}.Ad-Hoc|iPhoneSimulator.Build.0 = Debug|Any CPU
		{99996A66-40FB-447E-B238-4CAFBBF22ED7}.Ad-Hoc|x64.ActiveCfg = Debug|Any CPU
		{99996A66-40FB-447E-B238-4CAFBBF22ED7}.Ad-Hoc|x64.Build.0 = Debug|Any CPU
		{99996A66-40FB-447E-B238-4CAFBBF22ED7}.Ad-Hoc|x86.ActiveCfg = Debug|Any CPU
		{99996A66-40FB-447E-B238-4CAFBBF22ED7}.Ad-Hoc|x86.Build.0 = Debug|Any CPU
		{99996A66-40FB-447E-B238-4CAFBBF22ED7}.AppStore|Any CPU.ActiveCfg = Debug|Any CPU
		{99996A66-40FB-447E-B238-4CAFBBF22ED7}.AppStore|Any CPU.Build.0 = Debug|Any CPU
		{99996A66-40FB-447E-B238-4CAFBBF22ED7}.AppStore|ARM.ActiveCfg = Debug|Any CPU
		{99996A66-40FB-447E-B238-4CAFBBF22ED7}.AppStore|ARM.Build.0 = Debug|Any CPU
		{99996A66-40FB-447E-B238-4CAFBBF22ED7}.AppStore|iPhone.ActiveCfg = Debug|Any CPU
		{99996A66-40FB-447E-B238-4CAFBBF22ED7}.AppStore|iPhone.Build.0 = Debug|Any CPU
		{99996A66-40FB-447E-B238-4CAFBBF22ED7}.AppStore|iPhoneSimulator.ActiveCfg = Debug|Any CPU
		{99996A66-40FB-447E-B238-4CAFBBF22ED7}.AppStore|iPhoneSimulator.Build.0 = Debug|Any CPU
		{99996A66-40FB-447E-B238-4CAFBBF22ED7}.AppStore|x64.ActiveCfg = Debug|Any CPU
		{99996A66-40FB-447E-B238-4CAFBBF22ED7}.AppStore|x64.Build.0 = Debug|Any CPU
		{99996A66-40FB-447E-B238-4CAFBBF22ED7}.AppStore|x86.ActiveCfg = Debug|Any CPU
		{99996A66-40FB-447E-B238-4CAFBBF22ED7}.AppStore|x86.Build.0 = Debug|Any CPU
		{99996A66-40FB-447E-B238-4CAFBBF22ED7}.Debug|Any CPU.ActiveCfg = Debug|Any CPU
		{99996A66-40FB-447E-B238-4CAFBBF22ED7}.Debug|Any CPU.Build.0 = Debug|Any CPU
		{99996A66-40FB-447E-B238-4CAFBBF22ED7}.Debug|ARM.ActiveCfg = Debug|Any CPU
		{99996A66-40FB-447E-B238-4CAFBBF22ED7}.Debug|ARM.Build.0 = Debug|Any CPU
		{99996A66-40FB-447E-B238-4CAFBBF22ED7}.Debug|iPhone.ActiveCfg = Debug|Any CPU
		{99996A66-40FB-447E-B238-4CAFBBF22ED7}.Debug|iPhone.Build.0 = Debug|Any CPU
		{99996A66-40FB-447E-B238-4CAFBBF22ED7}.Debug|iPhoneSimulator.ActiveCfg = Debug|Any CPU
		{99996A66-40FB-447E-B238-4CAFBBF22ED7}.Debug|iPhoneSimulator.Build.0 = Debug|Any CPU
		{99996A66-40FB-447E-B238-4CAFBBF22ED7}.Debug|x64.ActiveCfg = Debug|Any CPU
		{99996A66-40FB-447E-B238-4CAFBBF22ED7}.Debug|x64.Build.0 = Debug|Any CPU
		{99996A66-40FB-447E-B238-4CAFBBF22ED7}.Debug|x86.ActiveCfg = Debug|Any CPU
		{99996A66-40FB-447E-B238-4CAFBBF22ED7}.Debug|x86.Build.0 = Debug|Any CPU
		{99996A66-40FB-447E-B238-4CAFBBF22ED7}.Release|Any CPU.ActiveCfg = Release|Any CPU
		{99996A66-40FB-447E-B238-4CAFBBF22ED7}.Release|Any CPU.Build.0 = Release|Any CPU
		{99996A66-40FB-447E-B238-4CAFBBF22ED7}.Release|ARM.ActiveCfg = Release|Any CPU
		{99996A66-40FB-447E-B238-4CAFBBF22ED7}.Release|ARM.Build.0 = Release|Any CPU
		{99996A66-40FB-447E-B238-4CAFBBF22ED7}.Release|iPhone.ActiveCfg = Release|Any CPU
		{99996A66-40FB-447E-B238-4CAFBBF22ED7}.Release|iPhone.Build.0 = Release|Any CPU
		{99996A66-40FB-447E-B238-4CAFBBF22ED7}.Release|iPhoneSimulator.ActiveCfg = Release|Any CPU
		{99996A66-40FB-447E-B238-4CAFBBF22ED7}.Release|iPhoneSimulator.Build.0 = Release|Any CPU
		{99996A66-40FB-447E-B238-4CAFBBF22ED7}.Release|x64.ActiveCfg = Release|Any CPU
		{99996A66-40FB-447E-B238-4CAFBBF22ED7}.Release|x64.Build.0 = Release|Any CPU
		{99996A66-40FB-447E-B238-4CAFBBF22ED7}.Release|x86.ActiveCfg = Release|Any CPU
		{99996A66-40FB-447E-B238-4CAFBBF22ED7}.Release|x86.Build.0 = Release|Any CPU
	EndGlobalSection
	GlobalSection(SolutionProperties) = preSolution
		HideSolutionNode = FALSE
	EndGlobalSection
	GlobalSection(ExtensibilityGlobals) = postSolution
		SolutionGuid = {D5496705-BDDC-4708-8760-7FC7225096F0}
	EndGlobalSection
EndGlobal
